// !$*UTF8*$!
{
	archiveVersion = 1;
	classes = {
	};
	objectVersion = 51;
	objects = {

/* Begin PBXBuildFile section */
		D31355942372BBE600F061EC /* AppDelegate.swift in Sources */ = {isa = PBXBuildFile; fileRef = D31355932372BBE600F061EC /* AppDelegate.swift */; };
		D31355962372BBE600F061EC /* ViewController.swift in Sources */ = {isa = PBXBuildFile; fileRef = D31355952372BBE600F061EC /* ViewController.swift */; };
		D31355992372BBE600F061EC /* Main.storyboard in Resources */ = {isa = PBXBuildFile; fileRef = D31355972372BBE600F061EC /* Main.storyboard */; };
		D313559B2372BBE700F061EC /* Assets.xcassets in Resources */ = {isa = PBXBuildFile; fileRef = D313559A2372BBE700F061EC /* Assets.xcassets */; };
		D313559E2372BBE700F061EC /* LaunchScreen.storyboard in Resources */ = {isa = PBXBuildFile; fileRef = D313559C2372BBE700F061EC /* LaunchScreen.storyboard */; };
		D3C62898244AE55100AB95A3 /* Employee.swift in Sources */ = {isa = PBXBuildFile; fileRef = D3C62897244AE55100AB95A3 /* Employee.swift */; };
		D3C6289C244AF36400AB95A3 /* GoogleService-Info.plist in Resources */ = {isa = PBXBuildFile; fileRef = D3C6289B244AF36400AB95A3 /* GoogleService-Info.plist */; };
		EF2043CC5E419604B0C01918 /* Pods_ExFirebaseDB.framework in Frameworks */ = {isa = PBXBuildFile; fileRef = 775CC6A91E7D43797FCA7524 /* Pods_ExFirebaseDB.framework */; };
/* End PBXBuildFile section */

/* Begin PBXFileReference section */
		2B17FF98ADF3653D3F9D9CFF /* Pods-ExFirebaseDB.release.xcconfig */ = {isa = PBXFileReference; includeInIndex = 1; lastKnownFileType = text.xcconfig; name = "Pods-ExFirebaseDB.release.xcconfig"; path = "Target Support Files/Pods-ExFirebaseDB/Pods-ExFirebaseDB.release.xcconfig"; sourceTree = "<group>"; };
		775CC6A91E7D43797FCA7524 /* Pods_ExFirebaseDB.framework */ = {isa = PBXFileReference; explicitFileType = wrapper.framework; includeInIndex = 0; path = Pods_ExFirebaseDB.framework; sourceTree = BUILT_PRODUCTS_DIR; };
		D31355902372BBE600F061EC /* ExFirebaseDB.app */ = {isa = PBXFileReference; explicitFileType = wrapper.application; includeInIndex = 0; path = ExFirebaseDB.app; sourceTree = BUILT_PRODUCTS_DIR; };
		D31355932372BBE600F061EC /* AppDelegate.swift */ = {isa = PBXFileReference; lastKnownFileType = sourcecode.swift; path = AppDelegate.swift; sourceTree = "<group>"; };
		D31355952372BBE600F061EC /* ViewController.swift */ = {isa = PBXFileReference; lastKnownFileType = sourcecode.swift; path = ViewController.swift; sourceTree = "<group>"; };
		D31355982372BBE600F061EC /* Base */ = {isa = PBXFileReference; lastKnownFileType = file.storyboard; name = Base; path = Base.lproj/Main.storyboard; sourceTree = "<group>"; };
		D313559A2372BBE700F061EC /* Assets.xcassets */ = {isa = PBXFileReference; lastKnownFileType = folder.assetcatalog; path = Assets.xcassets; sourceTree = "<group>"; };
		D313559D2372BBE700F061EC /* Base */ = {isa = PBXFileReference; lastKnownFileType = file.storyboard; name = Base; path = Base.lproj/LaunchScreen.storyboard; sourceTree = "<group>"; };
		D313559F2372BBE700F061EC /* Info.plist */ = {isa = PBXFileReference; lastKnownFileType = text.plist.xml; path = Info.plist; sourceTree = "<group>"; };
		D3C62897244AE55100AB95A3 /* Employee.swift */ = {isa = PBXFileReference; lastKnownFileType = sourcecode.swift; path = Employee.swift; sourceTree = "<group>"; };
		D3C6289B244AF36400AB95A3 /* GoogleService-Info.plist */ = {isa = PBXFileReference; fileEncoding = 4; lastKnownFileType = text.plist.xml; path = "GoogleService-Info.plist"; sourceTree = "<group>"; };
		F5ACCF949982B4D1DF846C45 /* Pods-ExFirebaseDB.debug.xcconfig */ = {isa = PBXFileReference; includeInIndex = 1; lastKnownFileType = text.xcconfig; name = "Pods-ExFirebaseDB.debug.xcconfig"; path = "Target Support Files/Pods-ExFirebaseDB/Pods-ExFirebaseDB.debug.xcconfig"; sourceTree = "<group>"; };
/* End PBXFileReference section */

/* Begin PBXFrameworksBuildPhase section */
		D313558D2372BBE600F061EC /* Frameworks */ = {
			isa = PBXFrameworksBuildPhase;
			buildActionMask = 2147483647;
			files = (
				EF2043CC5E419604B0C01918 /* Pods_ExFirebaseDB.framework in Frameworks */,
			);
			runOnlyForDeploymentPostprocessing = 0;
		};
/* End PBXFrameworksBuildPhase section */

/* Begin PBXGroup section */
		B04B6A94EE12C4B025335B99 /* Frameworks */ = {
			isa = PBXGroup;
			children = (
				775CC6A91E7D43797FCA7524 /* Pods_ExFirebaseDB.framework */,
			);
			name = Frameworks;
			sourceTree = "<group>";
		};
		D31355872372BBE600F061EC = {
			isa = PBXGroup;
			children = (
				D31355922372BBE600F061EC /* ExFirebaseDB */,
				D31355912372BBE600F061EC /* Products */,
				DA2DCC4169884E23C8C46C81 /* Pods */,
				B04B6A94EE12C4B025335B99 /* Frameworks */,
			);
			sourceTree = "<group>";
		};
		D31355912372BBE600F061EC /* Products */ = {
			isa = PBXGroup;
			children = (
				D31355902372BBE600F061EC /* ExFirebaseDB.app */,
			);
			name = Products;
			sourceTree = "<group>";
		};
		D31355922372BBE600F061EC /* ExFirebaseDB */ = {
			isa = PBXGroup;
			children = (
				D3C6289B244AF36400AB95A3 /* GoogleService-Info.plist */,
				D31355932372BBE600F061EC /* AppDelegate.swift */,
				D31355952372BBE600F061EC /* ViewController.swift */,
				D31355972372BBE600F061EC /* Main.storyboard */,
				D313559A2372BBE700F061EC /* Assets.xcassets */,
				D313559C2372BBE700F061EC /* LaunchScreen.storyboard */,
				D313559F2372BBE700F061EC /* Info.plist */,
				D3C62897244AE55100AB95A3 /* Employee.swift */,
			);
			path = ExFirebaseDB;
			sourceTree = "<group>";
		};
		DA2DCC4169884E23C8C46C81 /* Pods */ = {
			isa = PBXGroup;
			children = (
				F5ACCF949982B4D1DF846C45 /* Pods-ExFirebaseDB.debug.xcconfig */,
				2B17FF98ADF3653D3F9D9CFF /* Pods-ExFirebaseDB.release.xcconfig */,
			);
			path = Pods;
			sourceTree = "<group>";
		};
/* End PBXGroup section */

/* Begin PBXNativeTarget section */
		D313558F2372BBE600F061EC /* ExFirebaseDB */ = {
			isa = PBXNativeTarget;
			buildConfigurationList = D31355A22372BBE700F061EC /* Build configuration list for PBXNativeTarget "ExFirebaseDB" */;
			buildPhases = (
				9A383C660E19431147282B56 /* [CP] Check Pods Manifest.lock */,
				D313558C2372BBE600F061EC /* Sources */,
				D313558D2372BBE600F061EC /* Frameworks */,
				D313558E2372BBE600F061EC /* Resources */,
				68230C1773C00D9DBDD4CC4C /* [CP] Embed Pods Frameworks */,
			);
			buildRules = (
			);
			dependencies = (
			);
			name = ExFirebaseDB;
			productName = ExFirebaseDB;
			productReference = D31355902372BBE600F061EC /* ExFirebaseDB.app */;
			productType = "com.apple.product-type.application";
		};
/* End PBXNativeTarget section */

/* Begin PBXProject section */
		D31355882372BBE600F061EC /* Project object */ = {
			isa = PBXProject;
			attributes = {
				LastSwiftUpdateCheck = 1020;
				LastUpgradeCheck = 1020;
				ORGANIZATIONNAME = "eSoft Technologies";
				TargetAttributes = {
					D313558F2372BBE600F061EC = {
						CreatedOnToolsVersion = 10.2.1;
					};
				};
			};
			buildConfigurationList = D313558B2372BBE600F061EC /* Build configuration list for PBXProject "ExFirebaseDB" */;
			compatibilityVersion = "Xcode 9.3";
			developmentRegion = en;
			hasScannedForEncodings = 0;
			knownRegions = (
				en,
				Base,
			);
			mainGroup = D31355872372BBE600F061EC;
			productRefGroup = D31355912372BBE600F061EC /* Products */;
			projectDirPath = "";
			projectRoot = "";
			targets = (
				D313558F2372BBE600F061EC /* ExFirebaseDB */,
			);
		};
/* End PBXProject section */

/* Begin PBXResourcesBuildPhase section */
		D313558E2372BBE600F061EC /* Resources */ = {
			isa = PBXResourcesBuildPhase;
			buildActionMask = 2147483647;
			files = (
				D313559E2372BBE700F061EC /* LaunchScreen.storyboard in Resources */,
				D3C6289C244AF36400AB95A3 /* GoogleService-Info.plist in Resources */,
				D313559B2372BBE700F061EC /* Assets.xcassets in Resources */,
				D31355992372BBE600F061EC /* Main.storyboard in Resources */,
			);
			runOnlyForDeploymentPostprocessing = 0;
		};
/* End PBXResourcesBuildPhase section */

/* Begin PBXShellScriptBuildPhase section */
		68230C1773C00D9DBDD4CC4C /* [CP] Embed Pods Frameworks */ = {
			isa = PBXShellScriptBuildPhase;
			buildActionMask = 2147483647;
			files = (
			);
			inputFileListPaths = (
				"${PODS_ROOT}/Target Support Files/Pods-ExFirebaseDB/Pods-ExFirebaseDB-frameworks-${CONFIGURATION}-input-files.xcfilelist",
			);
			name = "[CP] Embed Pods Frameworks";
			outputFileListPaths = (
				"${PODS_ROOT}/Target Support Files/Pods-ExFirebaseDB/Pods-ExFirebaseDB-frameworks-${CONFIGURATION}-output-files.xcfilelist",
			);
			runOnlyForDeploymentPostprocessing = 0;
			shellPath = /bin/sh;
			shellScript = "\"${PODS_ROOT}/Target Support Files/Pods-ExFirebaseDB/Pods-ExFirebaseDB-frameworks.sh\"\n";
			showEnvVarsInLog = 0;
		};
		9A383C660E19431147282B56 /* [CP] Check Pods Manifest.lock */ = {
			isa = PBXShellScriptBuildPhase;
			buildActionMask = 2147483647;
			files = (
			);
			inputFileListPaths = (
			);
			inputPaths = (
				"${PODS_PODFILE_DIR_PATH}/Podfile.lock",
				"${PODS_ROOT}/Manifest.lock",
			);
			name = "[CP] Check Pods Manifest.lock";
			outputFileListPaths = (
			);
			outputPaths = (
				"$(DERIVED_FILE_DIR)/Pods-ExFirebaseDB-checkManifestLockResult.txt",
			);
			runOnlyForDeploymentPostprocessing = 0;
			shellPath = /bin/sh;
			shellScript = "diff \"${PODS_PODFILE_DIR_PATH}/Podfile.lock\" \"${PODS_ROOT}/Manifest.lock\" > /dev/null\nif [ $? != 0 ] ; then\n    # print error to STDERR\n    echo \"error: The sandbox is not in sync with the Podfile.lock. Run 'pod install' or update your CocoaPods installation.\" >&2\n    exit 1\nfi\n# This output is used by Xcode 'outputs' to avoid re-running this script phase.\necho \"SUCCESS\" > \"${SCRIPT_OUTPUT_FILE_0}\"\n";
			showEnvVarsInLog = 0;
		};
/* End PBXShellScriptBuildPhase section */

/* Begin PBXSourcesBuildPhase section */
		D313558C2372BBE600F061EC /* Sources */ = {
			isa = PBXSourcesBuildPhase;
			buildActionMask = 2147483647;
			files = (
				D31355962372BBE600F061EC /* ViewController.swift in Sources */,
				D3C62898244AE55100AB95A3 /* Employee.swift in Sources */,
				D31355942372BBE600F061EC /* AppDelegate.swift in Sources */,
			);
			runOnlyForDeploymentPostprocessing = 0;
		};
/* End PBXSourcesBuildPhase section */

/* Begin PBXVariantGroup section */
		D31355972372BBE600F061EC /* Main.storyboard */ = {
			isa = PBXVariantGroup;
			children = (
				D31355982372BBE600F061EC /* Base */,
			);
			name = Main.storyboard;
			sourceTree = "<group>";
		};
		D313559C2372BBE700F061EC /* LaunchScreen.storyboard */ = {
			isa = PBXVariantGroup;
			children = (
				D313559D2372BBE700F061EC /* Base */,
			);
			name = LaunchScreen.storyboard;
			sourceTree = "<group>";
		};
/* End PBXVariantGroup section */

/* Begin XCBuildConfiguration section */
		D31355A02372BBE700F061EC /* Debug */ = {
			isa = XCBuildConfiguration;
			buildSettings = {
				ALWAYS_SEARCH_USER_PATHS = NO;
				CLANG_ANALYZER_NONNULL = YES;
				CLANG_ANALYZER_NUMBER_OBJECT_CONVERSION = YES_AGGRESSIVE;
				CLANG_CXX_LANGUAGE_STANDARD = "gnu++14";
				CLANG_CXX_LIBRARY = "libc++";
				CLANG_ENABLE_MODULES = YES;
				CLANG_ENABLE_OBJC_ARC = YES;
				CLANG_ENABLE_OBJC_WEAK = YES;
				CLANG_WARN_BLOCK_CAPTURE_AUTORELEASING = YES;
				CLANG_WARN_BOOL_CONVERSION = YES;
				CLANG_WARN_COMMA = YES;
				CLANG_WARN_CONSTANT_CONVERSION = YES;
				CLANG_WARN_DEPRECATED_OBJC_IMPLEMENTATIONS = YES;
				CLANG_WARN_DIRECT_OBJC_ISA_USAGE = YES_ERROR;
				CLANG_WARN_DOCUMENTATION_COMMENTS = YES;
				CLANG_WARN_EMPTY_BODY = YES;
				CLANG_WARN_ENUM_CONVERSION = YES;
				CLANG_WARN_INFINITE_RECURSION = YES;
				CLANG_WARN_INT_CONVERSION = YES;
				CLANG_WARN_NON_LITERAL_NULL_CONVERSION = YES;
				CLANG_WARN_OBJC_IMPLICIT_RETAIN_SELF = YES;
				CLANG_WARN_OBJC_LITERAL_CONVERSION = YES;
				CLANG_WARN_OBJC_ROOT_CLASS = YES_ERROR;
				CLANG_WARN_RANGE_LOOP_ANALYSIS = YES;
				CLANG_WARN_STRICT_PROTOTYPES = YES;
				CLANG_WARN_SUSPICIOUS_MOVE = YES;
				CLANG_WARN_UNGUARDED_AVAILABILITY = YES_AGGRESSIVE;
				CLANG_WARN_UNREACHABLE_CODE = YES;
				CLANG_WARN__DUPLICATE_METHOD_MATCH = YES;
				CODE_SIGN_IDENTITY = "iPhone Developer";
				COPY_PHASE_STRIP = NO;
				DEBUG_INFORMATION_FORMAT = dwarf;
				ENABLE_STRICT_OBJC_MSGSEND = YES;
				ENABLE_TESTABILITY = YES;
				GCC_C_LANGUAGE_STANDARD = gnu11;
				GCC_DYNAMIC_NO_PIC = NO;
				GCC_NO_COMMON_BLOCKS = YES;
				GCC_OPTIMIZATION_LEVEL = 0;
				GCC_PREPROCESSOR_DEFINITIONS = (
					"DEBUG=1",
					"$(inherited)",
				);
				GCC_WARN_64_TO_32_BIT_CONVERSION = YES;
				GCC_WARN_ABOUT_RETURN_TYPE = YES_ERROR;
				GCC_WARN_UNDECLARED_SELECTOR = YES;
				GCC_WARN_UNINITIALIZED_AUTOS = YES_AGGRESSIVE;
				GCC_WARN_UNUSED_FUNCTION = YES;
				GCC_WARN_UNUSED_VARIABLE = YES;
				IPHONEOS_DEPLOYMENT_TARGET = 12.2;
				MTL_ENABLE_DEBUG_INFO = INCLUDE_SOURCE;
				MTL_FAST_MATH = YES;
				ONLY_ACTIVE_ARCH = YES;
				SDKROOT = iphoneos;
				SWIFT_ACTIVE_COMPILATION_CONDITIONS = DEBUG;
				SWIFT_OPTIMIZATION_LEVEL = "-Onone";
			};
			name = Debug;
		};
		D31355A12372BBE700F061EC /* Release */ = {
			isa = XCBuildConfiguration;
			buildSettings = {
				ALWAYS_SEARCH_USER_PATHS = NO;
				CLANG_ANALYZER_NONNULL = YES;
				CLANG_ANALYZER_NUMBER_OBJECT_CONVERSION = YES_AGGRESSIVE;
				CLANG_CXX_LANGUAGE_STANDARD = "gnu++14";
				CLANG_CXX_LIBRARY = "libc++";
				CLANG_ENABLE_MODULES = YES;
				CLANG_ENABLE_OBJC_ARC = YES;
				CLANG_ENABLE_OBJC_WEAK = YES;
				CLANG_WARN_BLOCK_CAPTURE_AUTORELEASING = YES;
				CLANG_WARN_BOOL_CONVERSION = YES;
				CLANG_WARN_COMMA = YES;
				CLANG_WARN_CONSTANT_CONVERSION = YES;
				CLANG_WARN_DEPRECATED_OBJC_IMPLEMENTATIONS = YES;
				CLANG_WARN_DIRECT_OBJC_ISA_USAGE = YES_ERROR;
				CLANG_WARN_DOCUMENTATION_COMMENTS = YES;
				CLANG_WARN_EMPTY_BODY = YES;
				CLANG_WARN_ENUM_CONVERSION = YES;
				CLANG_WARN_INFINITE_RECURSION = YES;
				CLANG_WARN_INT_CONVERSION = YES;
				CLANG_WARN_NON_LITERAL_NULL_CONVERSION = YES;
				CLANG_WARN_OBJC_IMPLICIT_RETAIN_SELF = YES;
				CLANG_WARN_OBJC_LITERAL_CONVERSION = YES;
				CLANG_WARN_OBJC_ROOT_CLASS = YES_ERROR;
				CLANG_WARN_RANGE_LOOP_ANALYSIS = YES;
				CLANG_WARN_STRICT_PROTOTYPES = YES;
				CLANG_WARN_SUSPICIOUS_MOVE = YES;
				CLANG_WARN_UNGUARDED_AVAILABILITY = YES_AGGRESSIVE;
				CLANG_WARN_UNREACHABLE_CODE = YES;
				CLANG_WARN__DUPLICATE_METHOD_MATCH = YES;
				CODE_SIGN_IDENTITY = "iPhone Developer";
				COPY_PHASE_STRIP = NO;
				DEBUG_INFORMATION_FORMAT = "dwarf-with-dsym";
				ENABLE_NS_ASSERTIONS = NO;
				ENABLE_STRICT_OBJC_MSGSEND = YES;
				GCC_C_LANGUAGE_STANDARD = gnu11;
				GCC_NO_COMMON_BLOCKS = YES;
				GCC_WARN_64_TO_32_BIT_CONVERSION = YES;
				GCC_WARN_ABOUT_RETURN_TYPE = YES_ERROR;
				GCC_WARN_UNDECLARED_SELECTOR = YES;
				GCC_WARN_UNINITIALIZED_AUTOS = YES_AGGRESSIVE;
				GCC_WARN_UNUSED_FUNCTION = YES;
				GCC_WARN_UNUSED_VARIABLE = YES;
				IPHONEOS_DEPLOYMENT_TARGET = 12.2;
				MTL_ENABLE_DEBUG_INFO = NO;
				MTL_FAST_MATH = YES;
				SDKROOT = iphoneos;
				SWIFT_COMPILATION_MODE = wholemodule;
				SWIFT_OPTIMIZATION_LEVEL = "-O";
				VALIDATE_PRODUCT = YES;
			};
			name = Release;
		};
		D31355A32372BBE700F061EC /* Debug */ = {
			isa = XCBuildConfiguration;
			baseConfigurationReference = F5ACCF949982B4D1DF846C45 /* Pods-ExFirebaseDB.debug.xcconfig */;
			buildSettings = {
				ASSETCATALOG_COMPILER_APPICON_NAME = AppIcon;
				CODE_SIGN_STYLE = Manual;
				DEVELOPMENT_TEAM = TY4PEMRU3F;
				INFOPLIST_FILE = ExFirebaseDB/Info.plist;
				LD_RUNPATH_SEARCH_PATHS = (
					"$(inherited)",
					"@executable_path/Frameworks",
				);
				PRODUCT_BUNDLE_IDENTIFIER = com.esoftech.ExFirebaseDB;
				PRODUCT_NAME = "$(TARGET_NAME)";
				PROVISIONING_PROFILE_SPECIFIER = allAppTesting_27Sept2019;
				SWIFT_VERSION = 5.0;
				TARGETED_DEVICE_FAMILY = "1,2";
			};
			name = Debug;
		};
		D31355A42372BBE700F061EC /* Release */ = {
			isa = XCBuildConfiguration;
			baseConfigurationReference = 2B17FF98ADF3653D3F9D9CFF /* Pods-ExFirebaseDB.release.xcconfig */;
			buildSettings = {
				ASSETCATALOG_COMPILER_APPICON_NAME = AppIcon;
				CODE_SIGN_STYLE = Manual;
				DEVELOPMENT_TEAM = TY4PEMRU3F;
				INFOPLIST_FILE = ExFirebaseDB/Info.plist;
				LD_RUNPATH_SEARCH_PATHS = (
					"$(inherited)",
					"@executable_path/Frameworks",
				);
				PRODUCT_BUNDLE_IDENTIFIER = com.esoftech.ExFirebaseDB;
				PRODUCT_NAME = "$(TARGET_NAME)";
				PROVISIONING_PROFILE_SPECIFIER = allAppTesting_27Sept2019;
				SWIFT_VERSION = 5.0;
				TARGETED_DEVICE_FAMILY = "1,2";
			};
			name = Release;
		};
/* End XCBuildConfiguration section */

/* Begin XCConfigurationList section */
		D313558B2372BBE600F061EC /* Build configuration list for PBXProject "ExFirebaseDB" */ = {
			isa = XCConfigurationList;
			buildConfigurations = (
				D31355A02372BBE700F061EC /* Debug */,
				D31355A12372BBE700F061EC /* Release */,
			);
			defaultConfigurationIsVisible = 0;
			defaultConfigurationName = Release;
		};
		D31355A22372BBE700F061EC /* Build configuration list for PBXNativeTarget "ExFirebaseDB" */ = {
			isa = XCConfigurationList;
			buildConfigurations = (
				D31355A32372BBE700F061EC /* Debug */,
				D31355A42372BBE700F061EC /* Release */,
			);
			defaultConfigurationIsVisible = 0;
			defaultConfigurationName = Release;
		};
/* End XCConfigurationList section */
	};
	rootObject = D31355882372BBE600F061EC /* Project object */;
}
