// !$*UTF8*$!
{
	archiveVersion = 1;
	classes = {
	};
	objectVersion = 50;
	objects = {

/* Begin PBXBuildFile section */
		D35DD13023E992EF004CEEC7 /* Ex_ARKitTests.swift in Sources */ = {isa = PBXBuildFile; fileRef = D35DD12F23E992EF004CEEC7 /* Ex_ARKitTests.swift */; };
		D3603A0F23DF0F0200AE0EF2 /* AppDelegate.swift in Sources */ = {isa = PBXBuildFile; fileRef = D3603A0E23DF0F0200AE0EF2 /* AppDelegate.swift */; };
		D3603A1123DF0F0200AE0EF2 /* SceneDelegate.swift in Sources */ = {isa = PBXBuildFile; fileRef = D3603A1023DF0F0200AE0EF2 /* SceneDelegate.swift */; };
		D3603A1323DF0F0200AE0EF2 /* ViewController.swift in Sources */ = {isa = PBXBuildFile; fileRef = D3603A1223DF0F0200AE0EF2 /* ViewController.swift */; };
		D3603A1623DF0F0200AE0EF2 /* Main.storyboard in Resources */ = {isa = PBXBuildFile; fileRef = D3603A1423DF0F0200AE0EF2 /* Main.storyboard */; };
		D3603A1823DF0F0400AE0EF2 /* Assets.xcassets in Resources */ = {isa = PBXBuildFile; fileRef = D3603A1723DF0F0400AE0EF2 /* Assets.xcassets */; };
		D3603A1B23DF0F0400AE0EF2 /* LaunchScreen.storyboard in Resources */ = {isa = PBXBuildFile; fileRef = D3603A1923DF0F0400AE0EF2 /* LaunchScreen.storyboard */; };
/* End PBXBuildFile section */

/* Begin PBXContainerItemProxy section */
		D35DD13223E992EF004CEEC7 /* PBXContainerItemProxy */ = {
			isa = PBXContainerItemProxy;
			containerPortal = D3603A0323DF0F0200AE0EF2 /* Project object */;
			proxyType = 1;
			remoteGlobalIDString = D3603A0A23DF0F0200AE0EF2;
			remoteInfo = Ex_ARKit;
		};
/* End PBXContainerItemProxy section */

/* Begin PBXFileReference section */
		D35DD12D23E992EF004CEEC7 /* Ex_ARKitTests.xctest */ = {isa = PBXFileReference; explicitFileType = wrapper.cfbundle; includeInIndex = 0; path = Ex_ARKitTests.xctest; sourceTree = BUILT_PRODUCTS_DIR; };
		D35DD12F23E992EF004CEEC7 /* Ex_ARKitTests.swift */ = {isa = PBXFileReference; lastKnownFileType = sourcecode.swift; path = Ex_ARKitTests.swift; sourceTree = "<group>"; };
		D35DD13123E992EF004CEEC7 /* Info.plist */ = {isa = PBXFileReference; lastKnownFileType = text.plist.xml; path = Info.plist; sourceTree = "<group>"; };
		D3603A0B23DF0F0200AE0EF2 /* Ex_ARKit.app */ = {isa = PBXFileReference; explicitFileType = wrapper.application; includeInIndex = 0; path = Ex_ARKit.app; sourceTree = BUILT_PRODUCTS_DIR; };
		D3603A0E23DF0F0200AE0EF2 /* AppDelegate.swift */ = {isa = PBXFileReference; lastKnownFileType = sourcecode.swift; path = AppDelegate.swift; sourceTree = "<group>"; };
		D3603A1023DF0F0200AE0EF2 /* SceneDelegate.swift */ = {isa = PBXFileReference; lastKnownFileType = sourcecode.swift; path = SceneDelegate.swift; sourceTree = "<group>"; };
		D3603A1223DF0F0200AE0EF2 /* ViewController.swift */ = {isa = PBXFileReference; lastKnownFileType = sourcecode.swift; path = ViewController.swift; sourceTree = "<group>"; };
		D3603A1523DF0F0200AE0EF2 /* Base */ = {isa = PBXFileReference; lastKnownFileType = file.storyboard; name = Base; path = Base.lproj/Main.storyboard; sourceTree = "<group>"; };
		D3603A1723DF0F0400AE0EF2 /* Assets.xcassets */ = {isa = PBXFileReference; lastKnownFileType = folder.assetcatalog; path = Assets.xcassets; sourceTree = "<group>"; };
		D3603A1A23DF0F0400AE0EF2 /* Base */ = {isa = PBXFileReference; lastKnownFileType = file.storyboard; name = Base; path = Base.lproj/LaunchScreen.storyboard; sourceTree = "<group>"; };
		D3603A1C23DF0F0400AE0EF2 /* Info.plist */ = {isa = PBXFileReference; lastKnownFileType = text.plist.xml; path = Info.plist; sourceTree = "<group>"; };
/* End PBXFileReference section */

/* Begin PBXFrameworksBuildPhase section */
		D35DD12A23E992EF004CEEC7 /* Frameworks */ = {
			isa = PBXFrameworksBuildPhase;
			buildActionMask = 2147483647;
			files = (
			);
			runOnlyForDeploymentPostprocessing = 0;
		};
		D3603A0823DF0F0200AE0EF2 /* Frameworks */ = {
			isa = PBXFrameworksBuildPhase;
			buildActionMask = 2147483647;
			files = (
			);
			runOnlyForDeploymentPostprocessing = 0;
		};
/* End PBXFrameworksBuildPhase section */

/* Begin PBXGroup section */
		D35DD12E23E992EF004CEEC7 /* Ex_ARKitTests */ = {
			isa = PBXGroup;
			children = (
				D35DD12F23E992EF004CEEC7 /* Ex_ARKitTests.swift */,
				D35DD13123E992EF004CEEC7 /* Info.plist */,
			);
			path = Ex_ARKitTests;
			sourceTree = "<group>";
		};
		D3603A0223DF0F0200AE0EF2 = {
			isa = PBXGroup;
			children = (
				D3603A0D23DF0F0200AE0EF2 /* Ex_ARKit */,
				D35DD12E23E992EF004CEEC7 /* Ex_ARKitTests */,
				D3603A0C23DF0F0200AE0EF2 /* Products */,
			);
			sourceTree = "<group>";
		};
		D3603A0C23DF0F0200AE0EF2 /* Products */ = {
			isa = PBXGroup;
			children = (
				D3603A0B23DF0F0200AE0EF2 /* Ex_ARKit.app */,
				D35DD12D23E992EF004CEEC7 /* Ex_ARKitTests.xctest */,
			);
			name = Products;
			sourceTree = "<group>";
		};
		D3603A0D23DF0F0200AE0EF2 /* Ex_ARKit */ = {
			isa = PBXGroup;
			children = (
				D3603A0E23DF0F0200AE0EF2 /* AppDelegate.swift */,
				D3603A1023DF0F0200AE0EF2 /* SceneDelegate.swift */,
				D3603A1223DF0F0200AE0EF2 /* ViewController.swift */,
				D3603A1423DF0F0200AE0EF2 /* Main.storyboard */,
				D3603A1723DF0F0400AE0EF2 /* Assets.xcassets */,
				D3603A1923DF0F0400AE0EF2 /* LaunchScreen.storyboard */,
				D3603A1C23DF0F0400AE0EF2 /* Info.plist */,
			);
			path = Ex_ARKit;
			sourceTree = "<group>";
		};
/* End PBXGroup section */

/* Begin PBXNativeTarget section */
		D35DD12C23E992EF004CEEC7 /* Ex_ARKitTests */ = {
			isa = PBXNativeTarget;
			buildConfigurationList = D35DD13623E992EF004CEEC7 /* Build configuration list for PBXNativeTarget "Ex_ARKitTests" */;
			buildPhases = (
				D35DD12923E992EF004CEEC7 /* Sources */,
				D35DD12A23E992EF004CEEC7 /* Frameworks */,
				D35DD12B23E992EF004CEEC7 /* Resources */,
			);
			buildRules = (
			);
			dependencies = (
				D35DD13323E992EF004CEEC7 /* PBXTargetDependency */,
			);
			name = Ex_ARKitTests;
			productName = Ex_ARKitTests;
			productReference = D35DD12D23E992EF004CEEC7 /* Ex_ARKitTests.xctest */;
			productType = "com.apple.product-type.bundle.unit-test";
		};
		D3603A0A23DF0F0200AE0EF2 /* Ex_ARKit */ = {
			isa = PBXNativeTarget;
			buildConfigurationList = D3603A1F23DF0F0400AE0EF2 /* Build configuration list for PBXNativeTarget "Ex_ARKit" */;
			buildPhases = (
				D3603A0723DF0F0200AE0EF2 /* Sources */,
				D3603A0823DF0F0200AE0EF2 /* Frameworks */,
				D3603A0923DF0F0200AE0EF2 /* Resources */,
			);
			buildRules = (
			);
			dependencies = (
			);
			name = Ex_ARKit;
			productName = Ex_ARKit;
			productReference = D3603A0B23DF0F0200AE0EF2 /* Ex_ARKit.app */;
			productType = "com.apple.product-type.application";
		};
/* End PBXNativeTarget section */

/* Begin PBXProject section */
		D3603A0323DF0F0200AE0EF2 /* Project object */ = {
			isa = PBXProject;
			attributes = {
				LastSwiftUpdateCheck = 1130;
				LastUpgradeCheck = 1130;
				ORGANIZATIONNAME = "eSoft Technologies";
				TargetAttributes = {
					D35DD12C23E992EF004CEEC7 = {
						CreatedOnToolsVersion = 11.3;
						TestTargetID = D3603A0A23DF0F0200AE0EF2;
					};
					D3603A0A23DF0F0200AE0EF2 = {
						CreatedOnToolsVersion = 11.3;
					};
				};
			};
			buildConfigurationList = D3603A0623DF0F0200AE0EF2 /* Build configuration list for PBXProject "Ex_ARKit" */;
			compatibilityVersion = "Xcode 9.3";
			developmentRegion = en;
			hasScannedForEncodings = 0;
			knownRegions = (
				en,
				Base,
			);
			mainGroup = D3603A0223DF0F0200AE0EF2;
			productRefGroup = D3603A0C23DF0F0200AE0EF2 /* Products */;
			projectDirPath = "";
			projectRoot = "";
			targets = (
				D3603A0A23DF0F0200AE0EF2 /* Ex_ARKit */,
				D35DD12C23E992EF004CEEC7 /* Ex_ARKitTests */,
			);
		};
/* End PBXProject section */

/* Begin PBXResourcesBuildPhase section */
		D35DD12B23E992EF004CEEC7 /* Resources */ = {
			isa = PBXResourcesBuildPhase;
			buildActionMask = 2147483647;
			files = (
			);
			runOnlyForDeploymentPostprocessing = 0;
		};
		D3603A0923DF0F0200AE0EF2 /* Resources */ = {
			isa = PBXResourcesBuildPhase;
			buildActionMask = 2147483647;
			files = (
				D3603A1B23DF0F0400AE0EF2 /* LaunchScreen.storyboard in Resources */,
				D3603A1823DF0F0400AE0EF2 /* Assets.xcassets in Resources */,
				D3603A1623DF0F0200AE0EF2 /* Main.storyboard in Resources */,
			);
			runOnlyForDeploymentPostprocessing = 0;
		};
/* End PBXResourcesBuildPhase section */

/* Begin PBXSourcesBuildPhase section */
		D35DD12923E992EF004CEEC7 /* Sources */ = {
			isa = PBXSourcesBuildPhase;
			buildActionMask = 2147483647;
			files = (
				D35DD13023E992EF004CEEC7 /* Ex_ARKitTests.swift in Sources */,
			);
			runOnlyForDeploymentPostprocessing = 0;
		};
		D3603A0723DF0F0200AE0EF2 /* Sources */ = {
			isa = PBXSourcesBuildPhase;
			buildActionMask = 2147483647;
			files = (
				D3603A1323DF0F0200AE0EF2 /* ViewController.swift in Sources */,
				D3603A0F23DF0F0200AE0EF2 /* AppDelegate.swift in Sources */,
				D3603A1123DF0F0200AE0EF2 /* SceneDelegate.swift in Sources */,
			);
			runOnlyForDeploymentPostprocessing = 0;
		};
/* End PBXSourcesBuildPhase section */

/* Begin PBXTargetDependency section */
		D35DD13323E992EF004CEEC7 /* PBXTargetDependency */ = {
			isa = PBXTargetDependency;
			target = D3603A0A23DF0F0200AE0EF2 /* Ex_ARKit */;
			targetProxy = D35DD13223E992EF004CEEC7 /* PBXContainerItemProxy */;
		};
/* End PBXTargetDependency section */

/* Begin PBXVariantGroup section */
		D3603A1423DF0F0200AE0EF2 /* Main.storyboard */ = {
			isa = PBXVariantGroup;
			children = (
				D3603A1523DF0F0200AE0EF2 /* Base */,
			);
			name = Main.storyboard;
			sourceTree = "<group>";
		};
		D3603A1923DF0F0400AE0EF2 /* LaunchScreen.storyboard */ = {
			isa = PBXVariantGroup;
			children = (
				D3603A1A23DF0F0400AE0EF2 /* Base */,
			);
			name = LaunchScreen.storyboard;
			sourceTree = "<group>";
		};
/* End PBXVariantGroup section */

/* Begin XCBuildConfiguration section */
		D35DD13423E992EF004CEEC7 /* Debug */ = {
			isa = XCBuildConfiguration;
			buildSettings = {
				BUNDLE_LOADER = "$(TEST_HOST)";
				CODE_SIGN_IDENTITY = "iPhone Developer: Arun Prasad (D9BHG49364)";
				"CODE_SIGN_IDENTITY[sdk=macosx*]" = "-";
				CODE_SIGN_STYLE = Manual;
				DEVELOPMENT_TEAM = "";
				INFOPLIST_FILE = Ex_ARKitTests/Info.plist;
				LD_RUNPATH_SEARCH_PATHS = (
					"$(inherited)",
					"@executable_path/Frameworks",
					"@loader_path/Frameworks",
				);
				PRODUCT_BUNDLE_IDENTIFIER = "com.esoftech.Ex-ARKitTests";
				PRODUCT_NAME = "$(TARGET_NAME)";
				PROVISIONING_PROFILE_SPECIFIER = "";
				"PROVISIONING_PROFILE_SPECIFIER[sdk=macosx*]" = "";
				SWIFT_VERSION = 5.0;
				TARGETED_DEVICE_FAMILY = "1,2";
				TEST_HOST = "$(BUILT_PRODUCTS_DIR)/Ex_ARKit.app/Ex_ARKit";
			};
			name = Debug;
		};
		D35DD13523E992EF004CEEC7 /* Release */ = {
			isa = XCBuildConfiguration;
			buildSettings = {
				BUNDLE_LOADER = "$(TEST_HOST)";
				CODE_SIGN_IDENTITY = "iPhone Developer: Arun Prasad (D9BHG49364)";
				"CODE_SIGN_IDENTITY[sdk=macosx*]" = "-";
				CODE_SIGN_STYLE = Manual;
				DEVELOPMENT_TEAM = "";
				INFOPLIST_FILE = Ex_ARKitTests/Info.plist;
				LD_RUNPATH_SEARCH_PATHS = (
					"$(inherited)",
					"@executable_path/Frameworks",
					"@loader_path/Frameworks",
				);
				PRODUCT_BUNDLE_IDENTIFIER = "com.esoftech.Ex-ARKitTests";
				PRODUCT_NAME = "$(TARGET_NAME)";
				PROVISIONING_PROFILE_SPECIFIER = "";
				"PROVISIONING_PROFILE_SPECIFIER[sdk=macosx*]" = "";
				SWIFT_VERSION = 5.0;
				TARGETED_DEVICE_FAMILY = "1,2";
				TEST_HOST = "$(BUILT_PRODUCTS_DIR)/Ex_ARKit.app/Ex_ARKit";
			};
			name = Release;
		};
		D3603A1D23DF0F0400AE0EF2 /* Debug */ = {
			isa = XCBuildConfiguration;
			buildSettings = {
				ALWAYS_SEARCH_USER_PATHS = NO;
				CLANG_ANALYZER_NONNULL = YES;
				CLANG_ANALYZER_NUMBER_OBJECT_CONVERSION = YES_AGGRESSIVE;
				CLANG_CXX_LANGUAGE_STANDARD = "gnu++14";
				CLANG_CXX_LIBRARY = "libc++";
				CLANG_ENABLE_MODULES = YES;
				CLANG_ENABLE_OBJC_ARC = YES;
				CLANG_ENABLE_OBJC_WEAK = YES;
				CLANG_WARN_BLOCK_CAPTURE_AUTORELEASING = YES;
				CLANG_WARN_BOOL_CONVERSION = YES;
				CLANG_WARN_COMMA = YES;
				CLANG_WARN_CONSTANT_CONVERSION = YES;
				CLANG_WARN_DEPRECATED_OBJC_IMPLEMENTATIONS = YES;
				CLANG_WARN_DIRECT_OBJC_ISA_USAGE = YES_ERROR;
				CLANG_WARN_DOCUMENTATION_COMMENTS = YES;
				CLANG_WARN_EMPTY_BODY = YES;
				CLANG_WARN_ENUM_CONVERSION = YES;
				CLANG_WARN_INFINITE_RECURSION = YES;
				CLANG_WARN_INT_CONVERSION = YES;
				CLANG_WARN_NON_LITERAL_NULL_CONVERSION = YES;
				CLANG_WARN_OBJC_IMPLICIT_RETAIN_SELF = YES;
				CLANG_WARN_OBJC_LITERAL_CONVERSION = YES;
				CLANG_WARN_OBJC_ROOT_CLASS = YES_ERROR;
				CLANG_WARN_RANGE_LOOP_ANALYSIS = YES;
				CLANG_WARN_STRICT_PROTOTYPES = YES;
				CLANG_WARN_SUSPICIOUS_MOVE = YES;
				CLANG_WARN_UNGUARDED_AVAILABILITY = YES_AGGRESSIVE;
				CLANG_WARN_UNREACHABLE_CODE = YES;
				CLANG_WARN__DUPLICATE_METHOD_MATCH = YES;
				COPY_PHASE_STRIP = NO;
				DEBUG_INFORMATION_FORMAT = dwarf;
				ENABLE_STRICT_OBJC_MSGSEND = YES;
				ENABLE_TESTABILITY = YES;
				GCC_C_LANGUAGE_STANDARD = gnu11;
				GCC_DYNAMIC_NO_PIC = NO;
				GCC_NO_COMMON_BLOCKS = YES;
				GCC_OPTIMIZATION_LEVEL = 0;
				GCC_PREPROCESSOR_DEFINITIONS = (
					"DEBUG=1",
					"$(inherited)",
				);
				GCC_WARN_64_TO_32_BIT_CONVERSION = YES;
				GCC_WARN_ABOUT_RETURN_TYPE = YES_ERROR;
				GCC_WARN_UNDECLARED_SELECTOR = YES;
				GCC_WARN_UNINITIALIZED_AUTOS = YES_AGGRESSIVE;
				GCC_WARN_UNUSED_FUNCTION = YES;
				GCC_WARN_UNUSED_VARIABLE = YES;
				IPHONEOS_DEPLOYMENT_TARGET = 13.2;
				MTL_ENABLE_DEBUG_INFO = INCLUDE_SOURCE;
				MTL_FAST_MATH = YES;
				ONLY_ACTIVE_ARCH = YES;
				SDKROOT = iphoneos;
				SWIFT_ACTIVE_COMPILATION_CONDITIONS = DEBUG;
				SWIFT_OPTIMIZATION_LEVEL = "-Onone";
			};
			name = Debug;
		};
		D3603A1E23DF0F0400AE0EF2 /* Release */ = {
			isa = XCBuildConfiguration;
			buildSettings = {
				ALWAYS_SEARCH_USER_PATHS = NO;
				CLANG_ANALYZER_NONNULL = YES;
				CLANG_ANALYZER_NUMBER_OBJECT_CONVERSION = YES_AGGRESSIVE;
				CLANG_CXX_LANGUAGE_STANDARD = "gnu++14";
				CLANG_CXX_LIBRARY = "libc++";
				CLANG_ENABLE_MODULES = YES;
				CLANG_ENABLE_OBJC_ARC = YES;
				CLANG_ENABLE_OBJC_WEAK = YES;
				CLANG_WARN_BLOCK_CAPTURE_AUTORELEASING = YES;
				CLANG_WARN_BOOL_CONVERSION = YES;
				CLANG_WARN_COMMA = YES;
				CLANG_WARN_CONSTANT_CONVERSION = YES;
				CLANG_WARN_DEPRECATED_OBJC_IMPLEMENTATIONS = YES;
				CLANG_WARN_DIRECT_OBJC_ISA_USAGE = YES_ERROR;
				CLANG_WARN_DOCUMENTATION_COMMENTS = YES;
				CLANG_WARN_EMPTY_BODY = YES;
				CLANG_WARN_ENUM_CONVERSION = YES;
				CLANG_WARN_INFINITE_RECURSION = YES;
				CLANG_WARN_INT_CONVERSION = YES;
				CLANG_WARN_NON_LITERAL_NULL_CONVERSION = YES;
				CLANG_WARN_OBJC_IMPLICIT_RETAIN_SELF = YES;
				CLANG_WARN_OBJC_LITERAL_CONVERSION = YES;
				CLANG_WARN_OBJC_ROOT_CLASS = YES_ERROR;
				CLANG_WARN_RANGE_LOOP_ANALYSIS = YES;
				CLANG_WARN_STRICT_PROTOTYPES = YES;
				CLANG_WARN_SUSPICIOUS_MOVE = YES;
				CLANG_WARN_UNGUARDED_AVAILABILITY = YES_AGGRESSIVE;
				CLANG_WARN_UNREACHABLE_CODE = YES;
				CLANG_WARN__DUPLICATE_METHOD_MATCH = YES;
				COPY_PHASE_STRIP = NO;
				DEBUG_INFORMATION_FORMAT = "dwarf-with-dsym";
				ENABLE_NS_ASSERTIONS = NO;
				ENABLE_STRICT_OBJC_MSGSEND = YES;
				GCC_C_LANGUAGE_STANDARD = gnu11;
				GCC_NO_COMMON_BLOCKS = YES;
				GCC_WARN_64_TO_32_BIT_CONVERSION = YES;
				GCC_WARN_ABOUT_RETURN_TYPE = YES_ERROR;
				GCC_WARN_UNDECLARED_SELECTOR = YES;
				GCC_WARN_UNINITIALIZED_AUTOS = YES_AGGRESSIVE;
				GCC_WARN_UNUSED_FUNCTION = YES;
				GCC_WARN_UNUSED_VARIABLE = YES;
				IPHONEOS_DEPLOYMENT_TARGET = 13.2;
				MTL_ENABLE_DEBUG_INFO = NO;
				MTL_FAST_MATH = YES;
				SDKROOT = iphoneos;
				SWIFT_COMPILATION_MODE = wholemodule;
				SWIFT_OPTIMIZATION_LEVEL = "-O";
				VALIDATE_PRODUCT = YES;
			};
			name = Release;
		};
		D3603A2023DF0F0400AE0EF2 /* Debug */ = {
			isa = XCBuildConfiguration;
			buildSettings = {
				ASSETCATALOG_COMPILER_APPICON_NAME = AppIcon;
				CODE_SIGN_IDENTITY = "iPhone Developer: Arun Prasad (D9BHG49364)";
				CODE_SIGN_STYLE = Manual;
				DEVELOPMENT_TEAM = TY4PEMRU3F;
				INFOPLIST_FILE = Ex_ARKit/Info.plist;
				IPHONEOS_DEPLOYMENT_TARGET = 13.2;
				LD_RUNPATH_SEARCH_PATHS = (
					"$(inherited)",
					"@executable_path/Frameworks",
				);
				PRODUCT_BUNDLE_IDENTIFIER = "com.esoftech.Ex-ARKit";
				PRODUCT_NAME = "$(TARGET_NAME)";
				PROVISIONING_PROFILE_SPECIFIER = allAppTesting_27Sept2019;
				SWIFT_VERSION = 5.0;
				TARGETED_DEVICE_FAMILY = "1,2";
			};
			name = Debug;
		};
		D3603A2123DF0F0400AE0EF2 /* Release */ = {
			isa = XCBuildConfiguration;
			buildSettings = {
				ASSETCATALOG_COMPILER_APPICON_NAME = AppIcon;
				CODE_SIGN_IDENTITY = "iPhone Developer: Arun Prasad (D9BHG49364)";
				CODE_SIGN_STYLE = Manual;
				DEVELOPMENT_TEAM = TY4PEMRU3F;
				INFOPLIST_FILE = Ex_ARKit/Info.plist;
				IPHONEOS_DEPLOYMENT_TARGET = 13.2;
				LD_RUNPATH_SEARCH_PATHS = (
					"$(inherited)",
					"@executable_path/Frameworks",
				);
				PRODUCT_BUNDLE_IDENTIFIER = "com.esoftech.Ex-ARKit";
				PRODUCT_NAME = "$(TARGET_NAME)";
				PROVISIONING_PROFILE_SPECIFIER = allAppTesting_27Sept2019;
				SWIFT_VERSION = 5.0;
				TARGETED_DEVICE_FAMILY = "1,2";
			};
			name = Release;
		};
/* End XCBuildConfiguration section */

/* Begin XCConfigurationList section */
		D35DD13623E992EF004CEEC7 /* Build configuration list for PBXNativeTarget "Ex_ARKitTests" */ = {
			isa = XCConfigurationList;
			buildConfigurations = (
				D35DD13423E992EF004CEEC7 /* Debug */,
				D35DD13523E992EF004CEEC7 /* Release */,
			);
			defaultConfigurationIsVisible = 0;
			defaultConfigurationName = Release;
		};
		D3603A0623DF0F0200AE0EF2 /* Build configuration list for PBXProject "Ex_ARKit" */ = {
			isa = XCConfigurationList;
			buildConfigurations = (
				D3603A1D23DF0F0400AE0EF2 /* Debug */,
				D3603A1E23DF0F0400AE0EF2 /* Release */,
			);
			defaultConfigurationIsVisible = 0;
			defaultConfigurationName = Release;
		};
		D3603A1F23DF0F0400AE0EF2 /* Build configuration list for PBXNativeTarget "Ex_ARKit" */ = {
			isa = XCConfigurationList;
			buildConfigurations = (
				D3603A2023DF0F0400AE0EF2 /* Debug */,
				D3603A2123DF0F0400AE0EF2 /* Release */,
			);
			defaultConfigurationIsVisible = 0;
			defaultConfigurationName = Release;
		};
/* End XCConfigurationList section */
	};
	rootObject = D3603A0323DF0F0200AE0EF2 /* Project object */;
}
